
Microsoft Visual Studio Solution File, Format Version 12.00
# Visual Studio 15
VisualStudioVersion = 15.0.27428.2037
MinimumVisualStudioVersion = 10.0.40219.1
Project("{8BC9CEB8-8B4A-11D0-8D11-00A0C91BC942}") = "ConsoleApplication1", "ConsoleApplication1\ConsoleApplication1.vcxproj", "{DD96252F-21DA-4E35-B4BD-232DB671B305}"
EndProject
Global
	GlobalSection(SolutionConfigurationPlatforms) = preSolution
		Debug|x64 = Debug|x64
		Debug|x86 = Debug|x86
		Release|x64 = Release|x64
		Release|x86 = Release|x86
	EndGlobalSection
	GlobalSection(ProjectConfigurationPlatforms) = postSolution
		{DD96252F-21DA-4E35-B4BD-232DB671B305}.Debug|x64.ActiveCfg = Debug|x64
		{DD96252F-21DA-4E35-B4BD-232DB671B305}.Debug|x64.Build.0 = Debug|x64
		{DD96252F-21DA-4E35-B4BD-232DB671B305}.Debug|x86.ActiveCfg = Debug|Win32
		{DD96252F-21DA-4E35-B4BD-232DB671B305}.Debug|x86.Build.0 = Debug|Win32
		{DD96252F-21DA-4E35-B4BD-232DB671B305}.Release|x64.ActiveCfg = Release|x64
		{DD96252F-21DA-4E35-B4BD-232DB671B305}.Release|x64.Build.0 = Release|x64
		{DD96252F-21DA-4E35-B4BD-232DB671B305}.Release|x86.ActiveCfg = Release|Win32
		{DD96252F-21DA-4E35-B4BD-232DB671B305}.Release|x86.Build.0 = Release|Win32
	EndGlobalSection
	GlobalSection(SolutionProperties) = preSolution
		HideSolutionNode = FALSE
	EndGlobalSection
	GlobalSection(ExtensibilityGlobals) = postSolution
		SolutionGuid = {189503E0-EAFE-426C-B7B1-A20E802542B4}
	EndGlobalSection
EndGlobal
