
Microsoft Visual Studio Solution File, Format Version 12.00
# Visual Studio 15
VisualStudioVersion = 15.0.27130.2027
MinimumVisualStudioVersion = 10.0.40219.1
Project("{8BC9CEB8-8B4A-11D0-8D11-00A0C91BC942}") = "client", "client\client.vcxproj", "{B84FCD89-CB18-49AE-8998-50245678D2D7}"
EndProject
Global
	GlobalSection(SolutionConfigurationPlatforms) = preSolution
		Debug|x64 = Debug|x64
		Debug|x86 = Debug|x86
		Release|x64 = Release|x64
		Release|x86 = Release|x86
	EndGlobalSection
	GlobalSection(ProjectConfigurationPlatforms) = postSolution
		{B84FCD89-CB18-49AE-8998-50245678D2D7}.Debug|x64.ActiveCfg = Debug|x64
		{B84FCD89-CB18-49AE-8998-50245678D2D7}.Debug|x64.Build.0 = Debug|x64
		{B84FCD89-CB18-49AE-8998-50245678D2D7}.Debug|x86.ActiveCfg = Debug|Win32
		{B84FCD89-CB18-49AE-8998-50245678D2D7}.Debug|x86.Build.0 = Debug|Win32
		{B84FCD89-CB18-49AE-8998-50245678D2D7}.Release|x64.ActiveCfg = Release|x64
		{B84FCD89-CB18-49AE-8998-50245678D2D7}.Release|x64.Build.0 = Release|x64
		{B84FCD89-CB18-49AE-8998-50245678D2D7}.Release|x86.ActiveCfg = Release|Win32
		{B84FCD89-CB18-49AE-8998-50245678D2D7}.Release|x86.Build.0 = Release|Win32
	EndGlobalSection
	GlobalSection(SolutionProperties) = preSolution
		HideSolutionNode = FALSE
	EndGlobalSection
	GlobalSection(ExtensibilityGlobals) = postSolution
		SolutionGuid = {2A2293AD-2B66-424F-91A1-1DFB7FEABCA0}
	EndGlobalSection
EndGlobal
