<?xml version="1.0" encoding="utf-8"?>
<Project ToolsVersion="4.0" xmlns="http://schemas.microsoft.com/developer/msbuild/2003">
  <ItemGroup>
    <Filter Include="소스 파일">
      <UniqueIdentifier>{4FC737F1-C7A5-4376-A066-2A32D752A2FF}</UniqueIdentifier>
      <Extensions>cpp;c;cc;cxx;def;odl;idl;hpj;bat;asm;asmx</Extensions>
    </Filter>
    <Filter Include="헤더 파일">
      <UniqueIdentifier>{93995380-89BD-4b04-88EB-625FBE52EBFB}</UniqueIdentifier>
      <Extensions>h;hh;hpp;hxx;hm;inl;inc;ipp;xsd</Extensions>
    </Filter>
    <Filter Include="리소스 파일">
      <UniqueIdentifier>{67DA6AB6-F800-4c08-8B7A-83BB121AAD01}</UniqueIdentifier>
      <Extensions>rc;ico;cur;bmp;dlg;rc2;rct;bin;rgs;gif;jpg;jpeg;jpe;resx;tiff;tif;png;wav;mfcribbon-ms</Extensions>
    </Filter>
    <Filter Include="winForm">
      <UniqueIdentifier>{20cfe8c6-7c2e-4aba-97ac-f191141c6f59}</UniqueIdentifier>
    </Filter>
    <Filter Include="netDef">
      <UniqueIdentifier>{66f9c7a9-3065-47ea-80e9-4d3ab4ad78c1}</UniqueIdentifier>
    </Filter>
    <Filter Include="netJoin">
      <UniqueIdentifier>{af2eb844-ff75-4504-9ab5-2ea42758343b}</UniqueIdentifier>
    </Filter>
    <Filter Include="netChat">
      <UniqueIdentifier>{75d3573f-ecfe-404c-a507-0ee03c72f53d}</UniqueIdentifier>
    </Filter>
  </ItemGroup>
  <ItemGroup>
    <ClInclude Include="stdafx.h">
      <Filter>헤더 파일</Filter>
    </ClInclude>
    <ClInclude Include="targetver.h">
      <Filter>헤더 파일</Filter>
    </ClInclude>
    <ClInclude Include="Resource.h">
      <Filter>헤더 파일</Filter>
    </ClInclude>
    <ClInclude Include="mywin.h">
      <Filter>winForm</Filter>
    </ClInclude>
    <ClInclude Include="netDef.h">
      <Filter>netDef</Filter>
    </ClInclude>
    <ClInclude Include="chatClient.h">
      <Filter>헤더 파일</Filter>
    </ClInclude>
    <ClInclude Include="netChat.h">
      <Filter>netChat</Filter>
    </ClInclude>
    <ClInclude Include="netJoin.h">
      <Filter>netJoin</Filter>
    </ClInclude>
    <ClInclude Include="voice.h">
      <Filter>헤더 파일</Filter>
    </ClInclude>
    <ClInclude Include="netVoice.h">
      <Filter>헤더 파일</Filter>
    </ClInclude>
  </ItemGroup>
  <ItemGroup>
    <ClCompile Include="stdafx.cpp">
      <Filter>소스 파일</Filter>
    </ClCompile>
    <ClCompile Include="commForm.cpp">
      <Filter>winForm</Filter>
    </ClCompile>
    <ClCompile Include="joinForm.cpp">
      <Filter>winForm</Filter>
    </ClCompile>
    <ClCompile Include="loginForm.cpp">
      <Filter>winForm</Filter>
    </ClCompile>
    <ClCompile Include="mywin.cpp">
      <Filter>winForm</Filter>
    </ClCompile>
    <ClCompile Include="chatClient.cpp">
      <Filter>소스 파일</Filter>
    </ClCompile>
    <ClCompile Include="netChat.cpp">
      <Filter>netChat</Filter>
    </ClCompile>
    <ClCompile Include="netJoin.cpp">
      <Filter>netJoin</Filter>
    </ClCompile>
    <ClCompile Include="voice.cpp">
      <Filter>소스 파일</Filter>
    </ClCompile>
    <ClCompile Include="netVoice.cpp">
      <Filter>소스 파일</Filter>
    </ClCompile>
  </ItemGroup>
  <ItemGroup>
    <ResourceCompile Include="chatClient.rc">
      <Filter>리소스 파일</Filter>
    </ResourceCompile>
  </ItemGroup>
  <ItemGroup>
    <Image Include="small.ico">
      <Filter>리소스 파일</Filter>
    </Image>
    <Image Include="chatClient.ico">
      <Filter>리소스 파일</Filter>
    </Image>
  </ItemGroup>
</Project>